
Microsoft Visual Studio Solution File, Format Version 12.00
# Visual Studio Version 17
VisualStudioVersion = 17.3.32929.385
MinimumVisualStudioVersion = 10.0.40219.1
Project("{FAE04EC0-301F-11D3-BF4B-00C04F79EFBC}") = "DEADSADBD", "DEADSADBD\DEADSADBD.csproj", "{E3F64C4F-9D3C-4311-A4A4-B01A4AC34A3A}"
EndProject
Global
	GlobalSection(SolutionConfigurationPlatforms) = preSolution
		Debug|Any CPU = Debug|Any CPU
		Release|Any CPU = Release|Any CPU
	EndGlobalSection
	GlobalSection(ProjectConfigurationPlatforms) = postSolution
		{E3F64C4F-9D3C-4311-A4A4-B01A4AC34A3A}.Debug|Any CPU.ActiveCfg = Debug|Any CPU
		{E3F64C4F-9D3C-4311-A4A4-B01A4AC34A3A}.Debug|Any CPU.Build.0 = Debug|Any CPU
		{E3F64C4F-9D3C-4311-A4A4-B01A4AC34A3A}.Release|Any CPU.ActiveCfg = Release|Any CPU
		{E3F64C4F-9D3C-4311-A4A4-B01A4AC34A3A}.Release|Any CPU.Build.0 = Release|Any CPU
	EndGlobalSection
	GlobalSection(SolutionProperties) = preSolution
		HideSolutionNode = FALSE
	EndGlobalSection
	GlobalSection(ExtensibilityGlobals) = postSolution
		SolutionGuid = {76563080-C2DA-4F48-9EFB-0A34EE96E631}
	EndGlobalSection
EndGlobal
